# This file is automatically generated by wit.
# It is not intended for manual editing.
version = 1

[[package]]
id = "wasi:clocks"

[[package.version]]
requirement = "^0.2.0-rc"
version = "0.2.0-rc+20230901"
digest = "sha256:8803e0e0b0267e0edebb6a4983760d7a16dc73e06aa6c3b39cdea569ce0a8681"

[[package]]
id = "wasi:io"

[[package.version]]
requirement = "^0.2.0-rc"
version = "0.2.0-rc+20230901"
digest = "sha256:5bd8978e8b3970037c3c655237da3d5c3309ee65768df41dcacf39df92a367d0"
