# This file is automatically generated by wit.
# It is not intended for manual editing.
version = 1

[[package]]
id = "wasi:cli"

[[package.version]]
requirement = "^0.2.0-rc"
version = "0.2.0-rc+20230901"
digest = "sha256:1bb389638a3805487c5ba546fff24d0800185e213e98aba4810525a7be295c22"

[[package]]
id = "wasi:clocks"

[[package.version]]
requirement = "^0.2.0-rc"
version = "0.2.0-rc+20230901"
digest = "sha256:8803e0e0b0267e0edebb6a4983760d7a16dc73e06aa6c3b39cdea569ce0a8681"

[[package]]
id = "wasi:random"

[[package.version]]
requirement = "^0.2.0-rc"
version = "0.2.0-rc+20230901"
digest = "sha256:5ab47a6b228987c4f9fe54bcd8a6fc2a9e7885da1358b617200dc383b6eb8ae7"
