# This file is automatically generated by wit.
# It is not intended for manual editing.
version = 1

[[package]]
id = "wasi:clocks"

[[package.version]]
requirement = "^0.2.0-rc"
version = "0.2.0-rc+20230901"
digest = "sha256:8803e0e0b0267e0edebb6a4983760d7a16dc73e06aa6c3b39cdea569ce0a8681"

[[package]]
id = "wasi:filesystem"

[[package.version]]
requirement = "^0.2.0-rc"
version = "0.2.0-rc+20230901"
digest = "sha256:9dde657d1686155f7c61a7ca09fd7762301dab19c46263d68b5691d54414a105"

[[package]]
id = "wasi:io"

[[package.version]]
requirement = "^0.2.0-rc"
version = "0.2.0-rc+20230901"
digest = "sha256:5bd8978e8b3970037c3c655237da3d5c3309ee65768df41dcacf39df92a367d0"

[[package]]
id = "wasi:random"

[[package.version]]
requirement = "^0.2.0-rc"
version = "0.2.0-rc+20230901"
digest = "sha256:5ab47a6b228987c4f9fe54bcd8a6fc2a9e7885da1358b617200dc383b6eb8ae7"

[[package]]
id = "wasi:sockets"

[[package.version]]
requirement = "^0.2.0-rc"
version = "0.2.0-rc+20230901"
digest = "sha256:573a2db8a088d6c06fc623197b8c2d4334dbc3054460944e65ea0a7c06e3c75b"
